
Microsoft Visual Studio Solution File, Format Version 11.00
# Visual Studio 2010
Project("{FAE04EC0-301F-11D3-BF4B-00C04F79EFBC}") = "AnyDoubts.Tests", "AnyDoubts.Tests\AnyDoubts.Tests.csproj", "{C03C15E2-1C66-4016-9957-4C03D109F2A4}"
EndProject
Project("{FAE04EC0-301F-11D3-BF4B-00C04F79EFBC}") = "AnyDoubts.Web", "AnyDoubts.Web\AnyDoubts.Web.csproj", "{F94A05DC-33A0-4F67-988F-02E4FD57FA65}"
EndProject
Project("{FAE04EC0-301F-11D3-BF4B-00C04F79EFBC}") = "AnyDoubts.Repository", "AnyDoubts.Repository\AnyDoubts.Repository.csproj", "{CBA104A8-BA47-43A8-8E0E-1001AC7D1FEE}"
EndProject
Project("{FAE04EC0-301F-11D3-BF4B-00C04F79EFBC}") = "AnyDoubts.Infra", "AnyDoubts.Infra\AnyDoubts.Infra.csproj", "{B4B140B0-F6FD-4204-B706-C768B5E5DAE6}"
EndProject
Project("{FAE04EC0-301F-11D3-BF4B-00C04F79EFBC}") = "AnyDoubts.Domain", "AnyDoubts.Domain\AnyDoubts.Domain.csproj", "{BCF8FFEE-BAB5-4CAA-9020-3A02AE2505F1}"
EndProject
Global
	GlobalSection(SolutionConfigurationPlatforms) = preSolution
		Debug|Any CPU = Debug|Any CPU
		Release|Any CPU = Release|Any CPU
	EndGlobalSection
	GlobalSection(ProjectConfigurationPlatforms) = postSolution
		{C03C15E2-1C66-4016-9957-4C03D109F2A4}.Debug|Any CPU.ActiveCfg = Debug|Any CPU
		{C03C15E2-1C66-4016-9957-4C03D109F2A4}.Debug|Any CPU.Build.0 = Debug|Any CPU
		{C03C15E2-1C66-4016-9957-4C03D109F2A4}.Release|Any CPU.ActiveCfg = Release|Any CPU
		{C03C15E2-1C66-4016-9957-4C03D109F2A4}.Release|Any CPU.Build.0 = Release|Any CPU
		{F94A05DC-33A0-4F67-988F-02E4FD57FA65}.Debug|Any CPU.ActiveCfg = Debug|Any CPU
		{F94A05DC-33A0-4F67-988F-02E4FD57FA65}.Debug|Any CPU.Build.0 = Debug|Any CPU
		{F94A05DC-33A0-4F67-988F-02E4FD57FA65}.Release|Any CPU.ActiveCfg = Release|Any CPU
		{F94A05DC-33A0-4F67-988F-02E4FD57FA65}.Release|Any CPU.Build.0 = Release|Any CPU
		{CBA104A8-BA47-43A8-8E0E-1001AC7D1FEE}.Debug|Any CPU.ActiveCfg = Debug|Any CPU
		{CBA104A8-BA47-43A8-8E0E-1001AC7D1FEE}.Debug|Any CPU.Build.0 = Debug|Any CPU
		{CBA104A8-BA47-43A8-8E0E-1001AC7D1FEE}.Release|Any CPU.ActiveCfg = Release|Any CPU
		{CBA104A8-BA47-43A8-8E0E-1001AC7D1FEE}.Release|Any CPU.Build.0 = Release|Any CPU
		{B4B140B0-F6FD-4204-B706-C768B5E5DAE6}.Debug|Any CPU.ActiveCfg = Debug|Any CPU
		{B4B140B0-F6FD-4204-B706-C768B5E5DAE6}.Debug|Any CPU.Build.0 = Debug|Any CPU
		{B4B140B0-F6FD-4204-B706-C768B5E5DAE6}.Release|Any CPU.ActiveCfg = Release|Any CPU
		{B4B140B0-F6FD-4204-B706-C768B5E5DAE6}.Release|Any CPU.Build.0 = Release|Any CPU
		{BCF8FFEE-BAB5-4CAA-9020-3A02AE2505F1}.Debug|Any CPU.ActiveCfg = Debug|Any CPU
		{BCF8FFEE-BAB5-4CAA-9020-3A02AE2505F1}.Debug|Any CPU.Build.0 = Debug|Any CPU
		{BCF8FFEE-BAB5-4CAA-9020-3A02AE2505F1}.Release|Any CPU.ActiveCfg = Release|Any CPU
		{BCF8FFEE-BAB5-4CAA-9020-3A02AE2505F1}.Release|Any CPU.Build.0 = Release|Any CPU
	EndGlobalSection
	GlobalSection(SolutionProperties) = preSolution
		HideSolutionNode = FALSE
	EndGlobalSection
EndGlobal
